PODS:
  - ZZAlignedFlowLayout (0.0.1)

DEPENDENCIES:
  - ZZAlignedFlowLayout (from `../`)

EXTERNAL SOURCES:
  ZZAlignedFlowLayout:
    :path: "../"

SPEC CHECKSUMS:
  ZZAlignedFlowLayout: db6c24149ff24f9a721a21593979f2c74ec81ee9

PODFILE CHECKSUM: 9a38f2c639f4f06fe3730024c8ea5549d720f277

COCOAPODS: 1.16.2
